
Microsoft Visual Studio Solution File, Format Version 12.00
# Visual Studio 15
VisualStudioVersion = 15.0.28010.2050
MinimumVisualStudioVersion = 10.0.40219.1
Project("{FAE04EC0-301F-11D3-BF4B-00C04F79EFBC}") = "DataBinding.Android", "DataBinding\DataBinding.Android\DataBinding.Android.csproj", "{C40BC80F-0E60-4747-825B-93A3852B6391}"
EndProject
Project("{FAE04EC0-301F-11D3-BF4B-00C04F79EFBC}") = "DataBinding.iOS", "DataBinding\DataBinding.iOS\DataBinding.iOS.csproj", "{16996E28-6899-4361-9093-26531CEB73EA}"
EndProject
Project("{FAE04EC0-301F-11D3-BF4B-00C04F79EFBC}") = "DataBinding", "DataBinding\DataBinding\DataBinding.csproj", "{6DB3A2DC-6C8C-4E8A-A391-7507DA680BE0}"
EndProject
Global
	GlobalSection(SolutionConfigurationPlatforms) = preSolution
		Ad-Hoc|Any CPU = Ad-Hoc|Any CPU
		Ad-Hoc|iPhone = Ad-Hoc|iPhone
		Ad-Hoc|iPhoneSimulator = Ad-Hoc|iPhoneSimulator
		AppStore|Any CPU = AppStore|Any CPU
		AppStore|iPhone = AppStore|iPhone
		AppStore|iPhoneSimulator = AppStore|iPhoneSimulator
		Debug|Any CPU = Debug|Any CPU
		Debug|iPhone = Debug|iPhone
		Debug|iPhoneSimulator = Debug|iPhoneSimulator
		Release|Any CPU = Release|Any CPU
		Release|iPhone = Release|iPhone
		Release|iPhoneSimulator = Release|iPhoneSimulator
	EndGlobalSection
	GlobalSection(ProjectConfigurationPlatforms) = postSolution
		{C40BC80F-0E60-4747-825B-93A3852B6391}.Ad-Hoc|Any CPU.ActiveCfg = Release|Any CPU
		{C40BC80F-0E60-4747-825B-93A3852B6391}.Ad-Hoc|Any CPU.Build.0 = Release|Any CPU
		{C40BC80F-0E60-4747-825B-93A3852B6391}.Ad-Hoc|Any CPU.Deploy.0 = Release|Any CPU
		{C40BC80F-0E60-4747-825B-93A3852B6391}.Ad-Hoc|iPhone.ActiveCfg = Release|Any CPU
		{C40BC80F-0E60-4747-825B-93A3852B6391}.Ad-Hoc|iPhone.Build.0 = Release|Any CPU
		{C40BC80F-0E60-4747-825B-93A3852B6391}.Ad-Hoc|iPhone.Deploy.0 = Release|Any CPU
		{C40BC80F-0E60-4747-825B-93A3852B6391}.Ad-Hoc|iPhoneSimulator.ActiveCfg = Release|Any CPU
		{C40BC80F-0E60-4747-825B-93A3852B6391}.Ad-Hoc|iPhoneSimulator.Build.0 = Release|Any CPU
		{C40BC80F-0E60-4747-825B-93A3852B6391}.Ad-Hoc|iPhoneSimulator.Deploy.0 = Release|Any CPU
		{C40BC80F-0E60-4747-825B-93A3852B6391}.AppStore|Any CPU.ActiveCfg = Release|Any CPU
		{C40BC80F-0E60-4747-825B-93A3852B6391}.AppStore|Any CPU.Build.0 = Release|Any CPU
		{C40BC80F-0E60-4747-825B-93A3852B6391}.AppStore|Any CPU.Deploy.0 = Release|Any CPU
		{C40BC80F-0E60-4747-825B-93A3852B6391}.AppStore|iPhone.ActiveCfg = Release|Any CPU
		{C40BC80F-0E60-4747-825B-93A3852B6391}.AppStore|iPhone.Build.0 = Release|Any CPU
		{C40BC80F-0E60-4747-825B-93A3852B6391}.AppStore|iPhone.Deploy.0 = Release|Any CPU
		{C40BC80F-0E60-4747-825B-93A3852B6391}.AppStore|iPhoneSimulator.ActiveCfg = Release|Any CPU
		{C40BC80F-0E60-4747-825B-93A3852B6391}.AppStore|iPhoneSimulator.Build.0 = Release|Any CPU
		{C40BC80F-0E60-4747-825B-93A3852B6391}.AppStore|iPhoneSimulator.Deploy.0 = Release|Any CPU
		{C40BC80F-0E60-4747-825B-93A3852B6391}.Debug|Any CPU.ActiveCfg = Debug|Any CPU
		{C40BC80F-0E60-4747-825B-93A3852B6391}.Debug|Any CPU.Build.0 = Debug|Any CPU
		{C40BC80F-0E60-4747-825B-93A3852B6391}.Debug|Any CPU.Deploy.0 = Debug|Any CPU
		{C40BC80F-0E60-4747-825B-93A3852B6391}.Debug|iPhone.ActiveCfg = Debug|Any CPU
		{C40BC80F-0E60-4747-825B-93A3852B6391}.Debug|iPhone.Build.0 = Debug|Any CPU
		{C40BC80F-0E60-4747-825B-93A3852B6391}.Debug|iPhone.Deploy.0 = Debug|Any CPU
		{C40BC80F-0E60-4747-825B-93A3852B6391}.Debug|iPhoneSimulator.ActiveCfg = Debug|Any CPU
		{C40BC80F-0E60-4747-825B-93A3852B6391}.Debug|iPhoneSimulator.Build.0 = Debug|Any CPU
		{C40BC80F-0E60-4747-825B-93A3852B6391}.Debug|iPhoneSimulator.Deploy.0 = Debug|Any CPU
		{C40BC80F-0E60-4747-825B-93A3852B6391}.Release|Any CPU.ActiveCfg = Release|Any CPU
		{C40BC80F-0E60-4747-825B-93A3852B6391}.Release|Any CPU.Build.0 = Release|Any CPU
		{C40BC80F-0E60-4747-825B-93A3852B6391}.Release|Any CPU.Deploy.0 = Release|Any CPU
		{C40BC80F-0E60-4747-825B-93A3852B6391}.Release|iPhone.ActiveCfg = Release|Any CPU
		{C40BC80F-0E60-4747-825B-93A3852B6391}.Release|iPhone.Build.0 = Release|Any CPU
		{C40BC80F-0E60-4747-825B-93A3852B6391}.Release|iPhone.Deploy.0 = Release|Any CPU
		{C40BC80F-0E60-4747-825B-93A3852B6391}.Release|iPhoneSimulator.ActiveCfg = Release|Any CPU
		{C40BC80F-0E60-4747-825B-93A3852B6391}.Release|iPhoneSimulator.Build.0 = Release|Any CPU
		{C40BC80F-0E60-4747-825B-93A3852B6391}.Release|iPhoneSimulator.Deploy.0 = Release|Any CPU
		{16996E28-6899-4361-9093-26531CEB73EA}.Ad-Hoc|Any CPU.ActiveCfg = Ad-Hoc|iPhone
		{16996E28-6899-4361-9093-26531CEB73EA}.Ad-Hoc|Any CPU.Build.0 = Ad-Hoc|iPhone
		{16996E28-6899-4361-9093-26531CEB73EA}.Ad-Hoc|Any CPU.Deploy.0 = Ad-Hoc|iPhone
		{16996E28-6899-4361-9093-26531CEB73EA}.Ad-Hoc|iPhone.ActiveCfg = Ad-Hoc|iPhone
		{16996E28-6899-4361-9093-26531CEB73EA}.Ad-Hoc|iPhone.Build.0 = Ad-Hoc|iPhone
		{16996E28-6899-4361-9093-26531CEB73EA}.Ad-Hoc|iPhone.Deploy.0 = Ad-Hoc|iPhone
		{16996E28-6899-4361-9093-26531CEB73EA}.Ad-Hoc|iPhoneSimulator.ActiveCfg = Ad-Hoc|iPhoneSimulator
		{16996E28-6899-4361-9093-26531CEB73EA}.Ad-Hoc|iPhoneSimulator.Build.0 = Ad-Hoc|iPhoneSimulator
		{16996E28-6899-4361-9093-26531CEB73EA}.Ad-Hoc|iPhoneSimulator.Deploy.0 = Ad-Hoc|iPhoneSimulator
		{16996E28-6899-4361-9093-26531CEB73EA}.AppStore|Any CPU.ActiveCfg = AppStore|iPhone
		{16996E28-6899-4361-9093-26531CEB73EA}.AppStore|Any CPU.Build.0 = AppStore|iPhone
		{16996E28-6899-4361-9093-26531CEB73EA}.AppStore|Any CPU.Deploy.0 = AppStore|iPhone
		{16996E28-6899-4361-9093-26531CEB73EA}.AppStore|iPhone.ActiveCfg = AppStore|iPhone
		{16996E28-6899-4361-9093-26531CEB73EA}.AppStore|iPhone.Build.0 = AppStore|iPhone
		{16996E28-6899-4361-9093-26531CEB73EA}.AppStore|iPhone.Deploy.0 = AppStore|iPhone
		{16996E28-6899-4361-9093-26531CEB73EA}.AppStore|iPhoneSimulator.ActiveCfg = AppStore|iPhoneSimulator
		{16996E28-6899-4361-9093-26531CEB73EA}.AppStore|iPhoneSimulator.Build.0 = AppStore|iPhoneSimulator
		{16996E28-6899-4361-9093-26531CEB73EA}.AppStore|iPhoneSimulator.Deploy.0 = AppStore|iPhoneSimulator
		{16996E28-6899-4361-9093-26531CEB73EA}.Debug|Any CPU.ActiveCfg = Debug|iPhoneSimulator
		{16996E28-6899-4361-9093-26531CEB73EA}.Debug|Any CPU.Build.0 = Debug|iPhoneSimulator
		{16996E28-6899-4361-9093-26531CEB73EA}.Debug|Any CPU.Deploy.0 = Debug|iPhoneSimulator
		{16996E28-6899-4361-9093-26531CEB73EA}.Debug|iPhone.ActiveCfg = Debug|iPhone
		{16996E28-6899-4361-9093-26531CEB73EA}.Debug|iPhone.Build.0 = Debug|iPhone
		{16996E28-6899-4361-9093-26531CEB73EA}.Debug|iPhone.Deploy.0 = Debug|iPhone
		{16996E28-6899-4361-9093-26531CEB73EA}.Debug|iPhoneSimulator.ActiveCfg = Debug|iPhoneSimulator
		{16996E28-6899-4361-9093-26531CEB73EA}.Debug|iPhoneSimulator.Build.0 = Debug|iPhoneSimulator
		{16996E28-6899-4361-9093-26531CEB73EA}.Debug|iPhoneSimulator.Deploy.0 = Debug|iPhoneSimulator
		{16996E28-6899-4361-9093-26531CEB73EA}.Release|Any CPU.ActiveCfg = Release|iPhone
		{16996E28-6899-4361-9093-26531CEB73EA}.Release|Any CPU.Build.0 = Release|iPhone
		{16996E28-6899-4361-9093-26531CEB73EA}.Release|Any CPU.Deploy.0 = Release|iPhone
		{16996E28-6899-4361-9093-26531CEB73EA}.Release|iPhone.ActiveCfg = Release|iPhone
		{16996E28-6899-4361-9093-26531CEB73EA}.Release|iPhone.Build.0 = Release|iPhone
		{16996E28-6899-4361-9093-26531CEB73EA}.Release|iPhone.Deploy.0 = Release|iPhone
		{16996E28-6899-4361-9093-26531CEB73EA}.Release|iPhoneSimulator.ActiveCfg = Release|iPhoneSimulator
		{16996E28-6899-4361-9093-26531CEB73EA}.Release|iPhoneSimulator.Build.0 = Release|iPhoneSimulator
		{16996E28-6899-4361-9093-26531CEB73EA}.Release|iPhoneSimulator.Deploy.0 = Release|iPhoneSimulator
		{6DB3A2DC-6C8C-4E8A-A391-7507DA680BE0}.Ad-Hoc|Any CPU.ActiveCfg = Debug|Any CPU
		{6DB3A2DC-6C8C-4E8A-A391-7507DA680BE0}.Ad-Hoc|Any CPU.Build.0 = Debug|Any CPU
		{6DB3A2DC-6C8C-4E8A-A391-7507DA680BE0}.Ad-Hoc|Any CPU.Deploy.0 = Debug|Any CPU
		{6DB3A2DC-6C8C-4E8A-A391-7507DA680BE0}.Ad-Hoc|iPhone.ActiveCfg = Debug|Any CPU
		{6DB3A2DC-6C8C-4E8A-A391-7507DA680BE0}.Ad-Hoc|iPhone.Build.0 = Debug|Any CPU
		{6DB3A2DC-6C8C-4E8A-A391-7507DA680BE0}.Ad-Hoc|iPhone.Deploy.0 = Debug|Any CPU
		{6DB3A2DC-6C8C-4E8A-A391-7507DA680BE0}.Ad-Hoc|iPhoneSimulator.ActiveCfg = Debug|Any CPU
		{6DB3A2DC-6C8C-4E8A-A391-7507DA680BE0}.Ad-Hoc|iPhoneSimulator.Build.0 = Debug|Any CPU
		{6DB3A2DC-6C8C-4E8A-A391-7507DA680BE0}.Ad-Hoc|iPhoneSimulator.Deploy.0 = Debug|Any CPU
		{6DB3A2DC-6C8C-4E8A-A391-7507DA680BE0}.AppStore|Any CPU.ActiveCfg = Debug|Any CPU
		{6DB3A2DC-6C8C-4E8A-A391-7507DA680BE0}.AppStore|Any CPU.Build.0 = Debug|Any CPU
		{6DB3A2DC-6C8C-4E8A-A391-7507DA680BE0}.AppStore|Any CPU.Deploy.0 = Debug|Any CPU
		{6DB3A2DC-6C8C-4E8A-A391-7507DA680BE0}.AppStore|iPhone.ActiveCfg = Debug|Any CPU
		{6DB3A2DC-6C8C-4E8A-A391-7507DA680BE0}.AppStore|iPhone.Build.0 = Debug|Any CPU
		{6DB3A2DC-6C8C-4E8A-A391-7507DA680BE0}.AppStore|iPhone.Deploy.0 = Debug|Any CPU
		{6DB3A2DC-6C8C-4E8A-A391-7507DA680BE0}.AppStore|iPhoneSimulator.ActiveCfg = Debug|Any CPU
		{6DB3A2DC-6C8C-4E8A-A391-7507DA680BE0}.AppStore|iPhoneSimulator.Build.0 = Debug|Any CPU
		{6DB3A2DC-6C8C-4E8A-A391-7507DA680BE0}.AppStore|iPhoneSimulator.Deploy.0 = Debug|Any CPU
		{6DB3A2DC-6C8C-4E8A-A391-7507DA680BE0}.Debug|Any CPU.ActiveCfg = Debug|Any CPU
		{6DB3A2DC-6C8C-4E8A-A391-7507DA680BE0}.Debug|Any CPU.Build.0 = Debug|Any CPU
		{6DB3A2DC-6C8C-4E8A-A391-7507DA680BE0}.Debug|Any CPU.Deploy.0 = Debug|Any CPU
		{6DB3A2DC-6C8C-4E8A-A391-7507DA680BE0}.Debug|iPhone.ActiveCfg = Debug|Any CPU
		{6DB3A2DC-6C8C-4E8A-A391-7507DA680BE0}.Debug|iPhone.Build.0 = Debug|Any CPU
		{6DB3A2DC-6C8C-4E8A-A391-7507DA680BE0}.Debug|iPhone.Deploy.0 = Debug|Any CPU
		{6DB3A2DC-6C8C-4E8A-A391-7507DA680BE0}.Debug|iPhoneSimulator.ActiveCfg = Debug|Any CPU
		{6DB3A2DC-6C8C-4E8A-A391-7507DA680BE0}.Debug|iPhoneSimulator.Build.0 = Debug|Any CPU
		{6DB3A2DC-6C8C-4E8A-A391-7507DA680BE0}.Debug|iPhoneSimulator.Deploy.0 = Debug|Any CPU
		{6DB3A2DC-6C8C-4E8A-A391-7507DA680BE0}.Release|Any CPU.ActiveCfg = Release|Any CPU
		{6DB3A2DC-6C8C-4E8A-A391-7507DA680BE0}.Release|Any CPU.Build.0 = Release|Any CPU
		{6DB3A2DC-6C8C-4E8A-A391-7507DA680BE0}.Release|Any CPU.Deploy.0 = Release|Any CPU
		{6DB3A2DC-6C8C-4E8A-A391-7507DA680BE0}.Release|iPhone.ActiveCfg = Release|Any CPU
		{6DB3A2DC-6C8C-4E8A-A391-7507DA680BE0}.Release|iPhone.Build.0 = Release|Any CPU
		{6DB3A2DC-6C8C-4E8A-A391-7507DA680BE0}.Release|iPhone.Deploy.0 = Release|Any CPU
		{6DB3A2DC-6C8C-4E8A-A391-7507DA680BE0}.Release|iPhoneSimulator.ActiveCfg = Release|Any CPU
		{6DB3A2DC-6C8C-4E8A-A391-7507DA680BE0}.Release|iPhoneSimulator.Build.0 = Release|Any CPU
		{6DB3A2DC-6C8C-4E8A-A391-7507DA680BE0}.Release|iPhoneSimulator.Deploy.0 = Release|Any CPU
	EndGlobalSection
	GlobalSection(SolutionProperties) = preSolution
		HideSolutionNode = FALSE
	EndGlobalSection
	GlobalSection(ExtensibilityGlobals) = postSolution
		SolutionGuid = {CE28E772-AA93-42DA-8516-B03462E115F2}
	EndGlobalSection
EndGlobal
