
Microsoft Visual Studio Solution File, Format Version 12.00
# Visual Studio 15
VisualStudioVersion = 15.0.28010.2050
MinimumVisualStudioVersion = 10.0.40219.1
Project("{FAE04EC0-301F-11D3-BF4B-00C04F79EFBC}") = "Selector.Android", "Selector\Selector.Android\Selector.Android.csproj", "{1EAC8E58-EF19-4D8B-A752-072F92F03E0D}"
EndProject
Project("{FAE04EC0-301F-11D3-BF4B-00C04F79EFBC}") = "Selector.iOS", "Selector\Selector.iOS\Selector.iOS.csproj", "{BE6BAA8B-F70F-4CE5-8075-6C692367D2B1}"
EndProject
Project("{FAE04EC0-301F-11D3-BF4B-00C04F79EFBC}") = "Selector", "Selector\Selector\Selector.csproj", "{8D4493B8-7131-43AF-BA7C-0482C9757790}"
EndProject
Global
	GlobalSection(SolutionConfigurationPlatforms) = preSolution
		Ad-Hoc|Any CPU = Ad-Hoc|Any CPU
		Ad-Hoc|iPhone = Ad-Hoc|iPhone
		Ad-Hoc|iPhoneSimulator = Ad-Hoc|iPhoneSimulator
		AppStore|Any CPU = AppStore|Any CPU
		AppStore|iPhone = AppStore|iPhone
		AppStore|iPhoneSimulator = AppStore|iPhoneSimulator
		Debug|Any CPU = Debug|Any CPU
		Debug|iPhone = Debug|iPhone
		Debug|iPhoneSimulator = Debug|iPhoneSimulator
		Release|Any CPU = Release|Any CPU
		Release|iPhone = Release|iPhone
		Release|iPhoneSimulator = Release|iPhoneSimulator
	EndGlobalSection
	GlobalSection(ProjectConfigurationPlatforms) = postSolution
		{1EAC8E58-EF19-4D8B-A752-072F92F03E0D}.Ad-Hoc|Any CPU.ActiveCfg = Release|Any CPU
		{1EAC8E58-EF19-4D8B-A752-072F92F03E0D}.Ad-Hoc|Any CPU.Build.0 = Release|Any CPU
		{1EAC8E58-EF19-4D8B-A752-072F92F03E0D}.Ad-Hoc|Any CPU.Deploy.0 = Release|Any CPU
		{1EAC8E58-EF19-4D8B-A752-072F92F03E0D}.Ad-Hoc|iPhone.ActiveCfg = Release|Any CPU
		{1EAC8E58-EF19-4D8B-A752-072F92F03E0D}.Ad-Hoc|iPhone.Build.0 = Release|Any CPU
		{1EAC8E58-EF19-4D8B-A752-072F92F03E0D}.Ad-Hoc|iPhone.Deploy.0 = Release|Any CPU
		{1EAC8E58-EF19-4D8B-A752-072F92F03E0D}.Ad-Hoc|iPhoneSimulator.ActiveCfg = Release|Any CPU
		{1EAC8E58-EF19-4D8B-A752-072F92F03E0D}.Ad-Hoc|iPhoneSimulator.Build.0 = Release|Any CPU
		{1EAC8E58-EF19-4D8B-A752-072F92F03E0D}.Ad-Hoc|iPhoneSimulator.Deploy.0 = Release|Any CPU
		{1EAC8E58-EF19-4D8B-A752-072F92F03E0D}.AppStore|Any CPU.ActiveCfg = Release|Any CPU
		{1EAC8E58-EF19-4D8B-A752-072F92F03E0D}.AppStore|Any CPU.Build.0 = Release|Any CPU
		{1EAC8E58-EF19-4D8B-A752-072F92F03E0D}.AppStore|Any CPU.Deploy.0 = Release|Any CPU
		{1EAC8E58-EF19-4D8B-A752-072F92F03E0D}.AppStore|iPhone.ActiveCfg = Release|Any CPU
		{1EAC8E58-EF19-4D8B-A752-072F92F03E0D}.AppStore|iPhone.Build.0 = Release|Any CPU
		{1EAC8E58-EF19-4D8B-A752-072F92F03E0D}.AppStore|iPhone.Deploy.0 = Release|Any CPU
		{1EAC8E58-EF19-4D8B-A752-072F92F03E0D}.AppStore|iPhoneSimulator.ActiveCfg = Release|Any CPU
		{1EAC8E58-EF19-4D8B-A752-072F92F03E0D}.AppStore|iPhoneSimulator.Build.0 = Release|Any CPU
		{1EAC8E58-EF19-4D8B-A752-072F92F03E0D}.AppStore|iPhoneSimulator.Deploy.0 = Release|Any CPU
		{1EAC8E58-EF19-4D8B-A752-072F92F03E0D}.Debug|Any CPU.ActiveCfg = Debug|Any CPU
		{1EAC8E58-EF19-4D8B-A752-072F92F03E0D}.Debug|Any CPU.Build.0 = Debug|Any CPU
		{1EAC8E58-EF19-4D8B-A752-072F92F03E0D}.Debug|Any CPU.Deploy.0 = Debug|Any CPU
		{1EAC8E58-EF19-4D8B-A752-072F92F03E0D}.Debug|iPhone.ActiveCfg = Debug|Any CPU
		{1EAC8E58-EF19-4D8B-A752-072F92F03E0D}.Debug|iPhone.Build.0 = Debug|Any CPU
		{1EAC8E58-EF19-4D8B-A752-072F92F03E0D}.Debug|iPhone.Deploy.0 = Debug|Any CPU
		{1EAC8E58-EF19-4D8B-A752-072F92F03E0D}.Debug|iPhoneSimulator.ActiveCfg = Debug|Any CPU
		{1EAC8E58-EF19-4D8B-A752-072F92F03E0D}.Debug|iPhoneSimulator.Build.0 = Debug|Any CPU
		{1EAC8E58-EF19-4D8B-A752-072F92F03E0D}.Debug|iPhoneSimulator.Deploy.0 = Debug|Any CPU
		{1EAC8E58-EF19-4D8B-A752-072F92F03E0D}.Release|Any CPU.ActiveCfg = Release|Any CPU
		{1EAC8E58-EF19-4D8B-A752-072F92F03E0D}.Release|Any CPU.Build.0 = Release|Any CPU
		{1EAC8E58-EF19-4D8B-A752-072F92F03E0D}.Release|Any CPU.Deploy.0 = Release|Any CPU
		{1EAC8E58-EF19-4D8B-A752-072F92F03E0D}.Release|iPhone.ActiveCfg = Release|Any CPU
		{1EAC8E58-EF19-4D8B-A752-072F92F03E0D}.Release|iPhone.Build.0 = Release|Any CPU
		{1EAC8E58-EF19-4D8B-A752-072F92F03E0D}.Release|iPhone.Deploy.0 = Release|Any CPU
		{1EAC8E58-EF19-4D8B-A752-072F92F03E0D}.Release|iPhoneSimulator.ActiveCfg = Release|Any CPU
		{1EAC8E58-EF19-4D8B-A752-072F92F03E0D}.Release|iPhoneSimulator.Build.0 = Release|Any CPU
		{1EAC8E58-EF19-4D8B-A752-072F92F03E0D}.Release|iPhoneSimulator.Deploy.0 = Release|Any CPU
		{BE6BAA8B-F70F-4CE5-8075-6C692367D2B1}.Ad-Hoc|Any CPU.ActiveCfg = Ad-Hoc|iPhone
		{BE6BAA8B-F70F-4CE5-8075-6C692367D2B1}.Ad-Hoc|Any CPU.Build.0 = Ad-Hoc|iPhone
		{BE6BAA8B-F70F-4CE5-8075-6C692367D2B1}.Ad-Hoc|Any CPU.Deploy.0 = Ad-Hoc|iPhone
		{BE6BAA8B-F70F-4CE5-8075-6C692367D2B1}.Ad-Hoc|iPhone.ActiveCfg = Ad-Hoc|iPhone
		{BE6BAA8B-F70F-4CE5-8075-6C692367D2B1}.Ad-Hoc|iPhone.Build.0 = Ad-Hoc|iPhone
		{BE6BAA8B-F70F-4CE5-8075-6C692367D2B1}.Ad-Hoc|iPhone.Deploy.0 = Ad-Hoc|iPhone
		{BE6BAA8B-F70F-4CE5-8075-6C692367D2B1}.Ad-Hoc|iPhoneSimulator.ActiveCfg = Ad-Hoc|iPhoneSimulator
		{BE6BAA8B-F70F-4CE5-8075-6C692367D2B1}.Ad-Hoc|iPhoneSimulator.Build.0 = Ad-Hoc|iPhoneSimulator
		{BE6BAA8B-F70F-4CE5-8075-6C692367D2B1}.Ad-Hoc|iPhoneSimulator.Deploy.0 = Ad-Hoc|iPhoneSimulator
		{BE6BAA8B-F70F-4CE5-8075-6C692367D2B1}.AppStore|Any CPU.ActiveCfg = AppStore|iPhone
		{BE6BAA8B-F70F-4CE5-8075-6C692367D2B1}.AppStore|Any CPU.Build.0 = AppStore|iPhone
		{BE6BAA8B-F70F-4CE5-8075-6C692367D2B1}.AppStore|Any CPU.Deploy.0 = AppStore|iPhone
		{BE6BAA8B-F70F-4CE5-8075-6C692367D2B1}.AppStore|iPhone.ActiveCfg = AppStore|iPhone
		{BE6BAA8B-F70F-4CE5-8075-6C692367D2B1}.AppStore|iPhone.Build.0 = AppStore|iPhone
		{BE6BAA8B-F70F-4CE5-8075-6C692367D2B1}.AppStore|iPhone.Deploy.0 = AppStore|iPhone
		{BE6BAA8B-F70F-4CE5-8075-6C692367D2B1}.AppStore|iPhoneSimulator.ActiveCfg = AppStore|iPhoneSimulator
		{BE6BAA8B-F70F-4CE5-8075-6C692367D2B1}.AppStore|iPhoneSimulator.Build.0 = AppStore|iPhoneSimulator
		{BE6BAA8B-F70F-4CE5-8075-6C692367D2B1}.AppStore|iPhoneSimulator.Deploy.0 = AppStore|iPhoneSimulator
		{BE6BAA8B-F70F-4CE5-8075-6C692367D2B1}.Debug|Any CPU.ActiveCfg = Debug|iPhoneSimulator
		{BE6BAA8B-F70F-4CE5-8075-6C692367D2B1}.Debug|Any CPU.Build.0 = Debug|iPhoneSimulator
		{BE6BAA8B-F70F-4CE5-8075-6C692367D2B1}.Debug|Any CPU.Deploy.0 = Debug|iPhoneSimulator
		{BE6BAA8B-F70F-4CE5-8075-6C692367D2B1}.Debug|iPhone.ActiveCfg = Debug|iPhone
		{BE6BAA8B-F70F-4CE5-8075-6C692367D2B1}.Debug|iPhone.Build.0 = Debug|iPhone
		{BE6BAA8B-F70F-4CE5-8075-6C692367D2B1}.Debug|iPhone.Deploy.0 = Debug|iPhone
		{BE6BAA8B-F70F-4CE5-8075-6C692367D2B1}.Debug|iPhoneSimulator.ActiveCfg = Debug|iPhoneSimulator
		{BE6BAA8B-F70F-4CE5-8075-6C692367D2B1}.Debug|iPhoneSimulator.Build.0 = Debug|iPhoneSimulator
		{BE6BAA8B-F70F-4CE5-8075-6C692367D2B1}.Debug|iPhoneSimulator.Deploy.0 = Debug|iPhoneSimulator
		{BE6BAA8B-F70F-4CE5-8075-6C692367D2B1}.Release|Any CPU.ActiveCfg = Release|iPhone
		{BE6BAA8B-F70F-4CE5-8075-6C692367D2B1}.Release|Any CPU.Build.0 = Release|iPhone
		{BE6BAA8B-F70F-4CE5-8075-6C692367D2B1}.Release|Any CPU.Deploy.0 = Release|iPhone
		{BE6BAA8B-F70F-4CE5-8075-6C692367D2B1}.Release|iPhone.ActiveCfg = Release|iPhone
		{BE6BAA8B-F70F-4CE5-8075-6C692367D2B1}.Release|iPhone.Build.0 = Release|iPhone
		{BE6BAA8B-F70F-4CE5-8075-6C692367D2B1}.Release|iPhone.Deploy.0 = Release|iPhone
		{BE6BAA8B-F70F-4CE5-8075-6C692367D2B1}.Release|iPhoneSimulator.ActiveCfg = Release|iPhoneSimulator
		{BE6BAA8B-F70F-4CE5-8075-6C692367D2B1}.Release|iPhoneSimulator.Build.0 = Release|iPhoneSimulator
		{BE6BAA8B-F70F-4CE5-8075-6C692367D2B1}.Release|iPhoneSimulator.Deploy.0 = Release|iPhoneSimulator
		{8D4493B8-7131-43AF-BA7C-0482C9757790}.Ad-Hoc|Any CPU.ActiveCfg = Debug|Any CPU
		{8D4493B8-7131-43AF-BA7C-0482C9757790}.Ad-Hoc|Any CPU.Build.0 = Debug|Any CPU
		{8D4493B8-7131-43AF-BA7C-0482C9757790}.Ad-Hoc|Any CPU.Deploy.0 = Debug|Any CPU
		{8D4493B8-7131-43AF-BA7C-0482C9757790}.Ad-Hoc|iPhone.ActiveCfg = Debug|Any CPU
		{8D4493B8-7131-43AF-BA7C-0482C9757790}.Ad-Hoc|iPhone.Build.0 = Debug|Any CPU
		{8D4493B8-7131-43AF-BA7C-0482C9757790}.Ad-Hoc|iPhone.Deploy.0 = Debug|Any CPU
		{8D4493B8-7131-43AF-BA7C-0482C9757790}.Ad-Hoc|iPhoneSimulator.ActiveCfg = Debug|Any CPU
		{8D4493B8-7131-43AF-BA7C-0482C9757790}.Ad-Hoc|iPhoneSimulator.Build.0 = Debug|Any CPU
		{8D4493B8-7131-43AF-BA7C-0482C9757790}.Ad-Hoc|iPhoneSimulator.Deploy.0 = Debug|Any CPU
		{8D4493B8-7131-43AF-BA7C-0482C9757790}.AppStore|Any CPU.ActiveCfg = Debug|Any CPU
		{8D4493B8-7131-43AF-BA7C-0482C9757790}.AppStore|Any CPU.Build.0 = Debug|Any CPU
		{8D4493B8-7131-43AF-BA7C-0482C9757790}.AppStore|Any CPU.Deploy.0 = Debug|Any CPU
		{8D4493B8-7131-43AF-BA7C-0482C9757790}.AppStore|iPhone.ActiveCfg = Debug|Any CPU
		{8D4493B8-7131-43AF-BA7C-0482C9757790}.AppStore|iPhone.Build.0 = Debug|Any CPU
		{8D4493B8-7131-43AF-BA7C-0482C9757790}.AppStore|iPhone.Deploy.0 = Debug|Any CPU
		{8D4493B8-7131-43AF-BA7C-0482C9757790}.AppStore|iPhoneSimulator.ActiveCfg = Debug|Any CPU
		{8D4493B8-7131-43AF-BA7C-0482C9757790}.AppStore|iPhoneSimulator.Build.0 = Debug|Any CPU
		{8D4493B8-7131-43AF-BA7C-0482C9757790}.AppStore|iPhoneSimulator.Deploy.0 = Debug|Any CPU
		{8D4493B8-7131-43AF-BA7C-0482C9757790}.Debug|Any CPU.ActiveCfg = Debug|Any CPU
		{8D4493B8-7131-43AF-BA7C-0482C9757790}.Debug|Any CPU.Build.0 = Debug|Any CPU
		{8D4493B8-7131-43AF-BA7C-0482C9757790}.Debug|Any CPU.Deploy.0 = Debug|Any CPU
		{8D4493B8-7131-43AF-BA7C-0482C9757790}.Debug|iPhone.ActiveCfg = Debug|Any CPU
		{8D4493B8-7131-43AF-BA7C-0482C9757790}.Debug|iPhone.Build.0 = Debug|Any CPU
		{8D4493B8-7131-43AF-BA7C-0482C9757790}.Debug|iPhone.Deploy.0 = Debug|Any CPU
		{8D4493B8-7131-43AF-BA7C-0482C9757790}.Debug|iPhoneSimulator.ActiveCfg = Debug|Any CPU
		{8D4493B8-7131-43AF-BA7C-0482C9757790}.Debug|iPhoneSimulator.Build.0 = Debug|Any CPU
		{8D4493B8-7131-43AF-BA7C-0482C9757790}.Debug|iPhoneSimulator.Deploy.0 = Debug|Any CPU
		{8D4493B8-7131-43AF-BA7C-0482C9757790}.Release|Any CPU.ActiveCfg = Release|Any CPU
		{8D4493B8-7131-43AF-BA7C-0482C9757790}.Release|Any CPU.Build.0 = Release|Any CPU
		{8D4493B8-7131-43AF-BA7C-0482C9757790}.Release|Any CPU.Deploy.0 = Release|Any CPU
		{8D4493B8-7131-43AF-BA7C-0482C9757790}.Release|iPhone.ActiveCfg = Release|Any CPU
		{8D4493B8-7131-43AF-BA7C-0482C9757790}.Release|iPhone.Build.0 = Release|Any CPU
		{8D4493B8-7131-43AF-BA7C-0482C9757790}.Release|iPhone.Deploy.0 = Release|Any CPU
		{8D4493B8-7131-43AF-BA7C-0482C9757790}.Release|iPhoneSimulator.ActiveCfg = Release|Any CPU
		{8D4493B8-7131-43AF-BA7C-0482C9757790}.Release|iPhoneSimulator.Build.0 = Release|Any CPU
		{8D4493B8-7131-43AF-BA7C-0482C9757790}.Release|iPhoneSimulator.Deploy.0 = Release|Any CPU
	EndGlobalSection
	GlobalSection(SolutionProperties) = preSolution
		HideSolutionNode = FALSE
	EndGlobalSection
	GlobalSection(ExtensibilityGlobals) = postSolution
		SolutionGuid = {8469499A-D21D-40E0-823A-B6EE914297F3}
	EndGlobalSection
EndGlobal
