
Microsoft Visual Studio Solution File, Format Version 12.00
# Visual Studio 15
VisualStudioVersion = 15.0.28010.2050
MinimumVisualStudioVersion = 10.0.40219.1
Project("{FAE04EC0-301F-11D3-BF4B-00C04F79EFBC}") = "Calc.Android", "Calc\Calc.Android\Calc.Android.csproj", "{837FF67D-50E9-42A9-8797-B1F3DCDFB568}"
EndProject
Project("{FAE04EC0-301F-11D3-BF4B-00C04F79EFBC}") = "Calc.iOS", "Calc\Calc.iOS\Calc.iOS.csproj", "{31986852-F109-44DC-9DE3-3CD1849D073E}"
EndProject
Project("{FAE04EC0-301F-11D3-BF4B-00C04F79EFBC}") = "Calc", "Calc\Calc\Calc.csproj", "{3F2A59D3-C754-4A07-A48F-462454AC9D18}"
EndProject
Global
	GlobalSection(SolutionConfigurationPlatforms) = preSolution
		Ad-Hoc|Any CPU = Ad-Hoc|Any CPU
		Ad-Hoc|iPhone = Ad-Hoc|iPhone
		Ad-Hoc|iPhoneSimulator = Ad-Hoc|iPhoneSimulator
		AppStore|Any CPU = AppStore|Any CPU
		AppStore|iPhone = AppStore|iPhone
		AppStore|iPhoneSimulator = AppStore|iPhoneSimulator
		Debug|Any CPU = Debug|Any CPU
		Debug|iPhone = Debug|iPhone
		Debug|iPhoneSimulator = Debug|iPhoneSimulator
		Release|Any CPU = Release|Any CPU
		Release|iPhone = Release|iPhone
		Release|iPhoneSimulator = Release|iPhoneSimulator
	EndGlobalSection
	GlobalSection(ProjectConfigurationPlatforms) = postSolution
		{837FF67D-50E9-42A9-8797-B1F3DCDFB568}.Ad-Hoc|Any CPU.ActiveCfg = Release|Any CPU
		{837FF67D-50E9-42A9-8797-B1F3DCDFB568}.Ad-Hoc|Any CPU.Build.0 = Release|Any CPU
		{837FF67D-50E9-42A9-8797-B1F3DCDFB568}.Ad-Hoc|Any CPU.Deploy.0 = Release|Any CPU
		{837FF67D-50E9-42A9-8797-B1F3DCDFB568}.Ad-Hoc|iPhone.ActiveCfg = Release|Any CPU
		{837FF67D-50E9-42A9-8797-B1F3DCDFB568}.Ad-Hoc|iPhone.Build.0 = Release|Any CPU
		{837FF67D-50E9-42A9-8797-B1F3DCDFB568}.Ad-Hoc|iPhone.Deploy.0 = Release|Any CPU
		{837FF67D-50E9-42A9-8797-B1F3DCDFB568}.Ad-Hoc|iPhoneSimulator.ActiveCfg = Release|Any CPU
		{837FF67D-50E9-42A9-8797-B1F3DCDFB568}.Ad-Hoc|iPhoneSimulator.Build.0 = Release|Any CPU
		{837FF67D-50E9-42A9-8797-B1F3DCDFB568}.Ad-Hoc|iPhoneSimulator.Deploy.0 = Release|Any CPU
		{837FF67D-50E9-42A9-8797-B1F3DCDFB568}.AppStore|Any CPU.ActiveCfg = Release|Any CPU
		{837FF67D-50E9-42A9-8797-B1F3DCDFB568}.AppStore|Any CPU.Build.0 = Release|Any CPU
		{837FF67D-50E9-42A9-8797-B1F3DCDFB568}.AppStore|Any CPU.Deploy.0 = Release|Any CPU
		{837FF67D-50E9-42A9-8797-B1F3DCDFB568}.AppStore|iPhone.ActiveCfg = Release|Any CPU
		{837FF67D-50E9-42A9-8797-B1F3DCDFB568}.AppStore|iPhone.Build.0 = Release|Any CPU
		{837FF67D-50E9-42A9-8797-B1F3DCDFB568}.AppStore|iPhone.Deploy.0 = Release|Any CPU
		{837FF67D-50E9-42A9-8797-B1F3DCDFB568}.AppStore|iPhoneSimulator.ActiveCfg = Release|Any CPU
		{837FF67D-50E9-42A9-8797-B1F3DCDFB568}.AppStore|iPhoneSimulator.Build.0 = Release|Any CPU
		{837FF67D-50E9-42A9-8797-B1F3DCDFB568}.AppStore|iPhoneSimulator.Deploy.0 = Release|Any CPU
		{837FF67D-50E9-42A9-8797-B1F3DCDFB568}.Debug|Any CPU.ActiveCfg = Debug|Any CPU
		{837FF67D-50E9-42A9-8797-B1F3DCDFB568}.Debug|Any CPU.Build.0 = Debug|Any CPU
		{837FF67D-50E9-42A9-8797-B1F3DCDFB568}.Debug|Any CPU.Deploy.0 = Debug|Any CPU
		{837FF67D-50E9-42A9-8797-B1F3DCDFB568}.Debug|iPhone.ActiveCfg = Debug|Any CPU
		{837FF67D-50E9-42A9-8797-B1F3DCDFB568}.Debug|iPhone.Build.0 = Debug|Any CPU
		{837FF67D-50E9-42A9-8797-B1F3DCDFB568}.Debug|iPhone.Deploy.0 = Debug|Any CPU
		{837FF67D-50E9-42A9-8797-B1F3DCDFB568}.Debug|iPhoneSimulator.ActiveCfg = Debug|Any CPU
		{837FF67D-50E9-42A9-8797-B1F3DCDFB568}.Debug|iPhoneSimulator.Build.0 = Debug|Any CPU
		{837FF67D-50E9-42A9-8797-B1F3DCDFB568}.Debug|iPhoneSimulator.Deploy.0 = Debug|Any CPU
		{837FF67D-50E9-42A9-8797-B1F3DCDFB568}.Release|Any CPU.ActiveCfg = Release|Any CPU
		{837FF67D-50E9-42A9-8797-B1F3DCDFB568}.Release|Any CPU.Build.0 = Release|Any CPU
		{837FF67D-50E9-42A9-8797-B1F3DCDFB568}.Release|Any CPU.Deploy.0 = Release|Any CPU
		{837FF67D-50E9-42A9-8797-B1F3DCDFB568}.Release|iPhone.ActiveCfg = Release|Any CPU
		{837FF67D-50E9-42A9-8797-B1F3DCDFB568}.Release|iPhone.Build.0 = Release|Any CPU
		{837FF67D-50E9-42A9-8797-B1F3DCDFB568}.Release|iPhone.Deploy.0 = Release|Any CPU
		{837FF67D-50E9-42A9-8797-B1F3DCDFB568}.Release|iPhoneSimulator.ActiveCfg = Release|Any CPU
		{837FF67D-50E9-42A9-8797-B1F3DCDFB568}.Release|iPhoneSimulator.Build.0 = Release|Any CPU
		{837FF67D-50E9-42A9-8797-B1F3DCDFB568}.Release|iPhoneSimulator.Deploy.0 = Release|Any CPU
		{31986852-F109-44DC-9DE3-3CD1849D073E}.Ad-Hoc|Any CPU.ActiveCfg = Ad-Hoc|iPhone
		{31986852-F109-44DC-9DE3-3CD1849D073E}.Ad-Hoc|Any CPU.Build.0 = Ad-Hoc|iPhone
		{31986852-F109-44DC-9DE3-3CD1849D073E}.Ad-Hoc|Any CPU.Deploy.0 = Ad-Hoc|iPhone
		{31986852-F109-44DC-9DE3-3CD1849D073E}.Ad-Hoc|iPhone.ActiveCfg = Ad-Hoc|iPhone
		{31986852-F109-44DC-9DE3-3CD1849D073E}.Ad-Hoc|iPhone.Build.0 = Ad-Hoc|iPhone
		{31986852-F109-44DC-9DE3-3CD1849D073E}.Ad-Hoc|iPhone.Deploy.0 = Ad-Hoc|iPhone
		{31986852-F109-44DC-9DE3-3CD1849D073E}.Ad-Hoc|iPhoneSimulator.ActiveCfg = Ad-Hoc|iPhoneSimulator
		{31986852-F109-44DC-9DE3-3CD1849D073E}.Ad-Hoc|iPhoneSimulator.Build.0 = Ad-Hoc|iPhoneSimulator
		{31986852-F109-44DC-9DE3-3CD1849D073E}.Ad-Hoc|iPhoneSimulator.Deploy.0 = Ad-Hoc|iPhoneSimulator
		{31986852-F109-44DC-9DE3-3CD1849D073E}.AppStore|Any CPU.ActiveCfg = AppStore|iPhone
		{31986852-F109-44DC-9DE3-3CD1849D073E}.AppStore|Any CPU.Build.0 = AppStore|iPhone
		{31986852-F109-44DC-9DE3-3CD1849D073E}.AppStore|Any CPU.Deploy.0 = AppStore|iPhone
		{31986852-F109-44DC-9DE3-3CD1849D073E}.AppStore|iPhone.ActiveCfg = AppStore|iPhone
		{31986852-F109-44DC-9DE3-3CD1849D073E}.AppStore|iPhone.Build.0 = AppStore|iPhone
		{31986852-F109-44DC-9DE3-3CD1849D073E}.AppStore|iPhone.Deploy.0 = AppStore|iPhone
		{31986852-F109-44DC-9DE3-3CD1849D073E}.AppStore|iPhoneSimulator.ActiveCfg = AppStore|iPhoneSimulator
		{31986852-F109-44DC-9DE3-3CD1849D073E}.AppStore|iPhoneSimulator.Build.0 = AppStore|iPhoneSimulator
		{31986852-F109-44DC-9DE3-3CD1849D073E}.AppStore|iPhoneSimulator.Deploy.0 = AppStore|iPhoneSimulator
		{31986852-F109-44DC-9DE3-3CD1849D073E}.Debug|Any CPU.ActiveCfg = Debug|iPhoneSimulator
		{31986852-F109-44DC-9DE3-3CD1849D073E}.Debug|Any CPU.Build.0 = Debug|iPhoneSimulator
		{31986852-F109-44DC-9DE3-3CD1849D073E}.Debug|Any CPU.Deploy.0 = Debug|iPhoneSimulator
		{31986852-F109-44DC-9DE3-3CD1849D073E}.Debug|iPhone.ActiveCfg = Debug|iPhone
		{31986852-F109-44DC-9DE3-3CD1849D073E}.Debug|iPhone.Build.0 = Debug|iPhone
		{31986852-F109-44DC-9DE3-3CD1849D073E}.Debug|iPhone.Deploy.0 = Debug|iPhone
		{31986852-F109-44DC-9DE3-3CD1849D073E}.Debug|iPhoneSimulator.ActiveCfg = Debug|iPhoneSimulator
		{31986852-F109-44DC-9DE3-3CD1849D073E}.Debug|iPhoneSimulator.Build.0 = Debug|iPhoneSimulator
		{31986852-F109-44DC-9DE3-3CD1849D073E}.Debug|iPhoneSimulator.Deploy.0 = Debug|iPhoneSimulator
		{31986852-F109-44DC-9DE3-3CD1849D073E}.Release|Any CPU.ActiveCfg = Release|iPhone
		{31986852-F109-44DC-9DE3-3CD1849D073E}.Release|Any CPU.Build.0 = Release|iPhone
		{31986852-F109-44DC-9DE3-3CD1849D073E}.Release|Any CPU.Deploy.0 = Release|iPhone
		{31986852-F109-44DC-9DE3-3CD1849D073E}.Release|iPhone.ActiveCfg = Release|iPhone
		{31986852-F109-44DC-9DE3-3CD1849D073E}.Release|iPhone.Build.0 = Release|iPhone
		{31986852-F109-44DC-9DE3-3CD1849D073E}.Release|iPhone.Deploy.0 = Release|iPhone
		{31986852-F109-44DC-9DE3-3CD1849D073E}.Release|iPhoneSimulator.ActiveCfg = Release|iPhoneSimulator
		{31986852-F109-44DC-9DE3-3CD1849D073E}.Release|iPhoneSimulator.Build.0 = Release|iPhoneSimulator
		{31986852-F109-44DC-9DE3-3CD1849D073E}.Release|iPhoneSimulator.Deploy.0 = Release|iPhoneSimulator
		{3F2A59D3-C754-4A07-A48F-462454AC9D18}.Ad-Hoc|Any CPU.ActiveCfg = Debug|Any CPU
		{3F2A59D3-C754-4A07-A48F-462454AC9D18}.Ad-Hoc|Any CPU.Build.0 = Debug|Any CPU
		{3F2A59D3-C754-4A07-A48F-462454AC9D18}.Ad-Hoc|Any CPU.Deploy.0 = Debug|Any CPU
		{3F2A59D3-C754-4A07-A48F-462454AC9D18}.Ad-Hoc|iPhone.ActiveCfg = Debug|Any CPU
		{3F2A59D3-C754-4A07-A48F-462454AC9D18}.Ad-Hoc|iPhone.Build.0 = Debug|Any CPU
		{3F2A59D3-C754-4A07-A48F-462454AC9D18}.Ad-Hoc|iPhone.Deploy.0 = Debug|Any CPU
		{3F2A59D3-C754-4A07-A48F-462454AC9D18}.Ad-Hoc|iPhoneSimulator.ActiveCfg = Debug|Any CPU
		{3F2A59D3-C754-4A07-A48F-462454AC9D18}.Ad-Hoc|iPhoneSimulator.Build.0 = Debug|Any CPU
		{3F2A59D3-C754-4A07-A48F-462454AC9D18}.Ad-Hoc|iPhoneSimulator.Deploy.0 = Debug|Any CPU
		{3F2A59D3-C754-4A07-A48F-462454AC9D18}.AppStore|Any CPU.ActiveCfg = Debug|Any CPU
		{3F2A59D3-C754-4A07-A48F-462454AC9D18}.AppStore|Any CPU.Build.0 = Debug|Any CPU
		{3F2A59D3-C754-4A07-A48F-462454AC9D18}.AppStore|Any CPU.Deploy.0 = Debug|Any CPU
		{3F2A59D3-C754-4A07-A48F-462454AC9D18}.AppStore|iPhone.ActiveCfg = Debug|Any CPU
		{3F2A59D3-C754-4A07-A48F-462454AC9D18}.AppStore|iPhone.Build.0 = Debug|Any CPU
		{3F2A59D3-C754-4A07-A48F-462454AC9D18}.AppStore|iPhone.Deploy.0 = Debug|Any CPU
		{3F2A59D3-C754-4A07-A48F-462454AC9D18}.AppStore|iPhoneSimulator.ActiveCfg = Debug|Any CPU
		{3F2A59D3-C754-4A07-A48F-462454AC9D18}.AppStore|iPhoneSimulator.Build.0 = Debug|Any CPU
		{3F2A59D3-C754-4A07-A48F-462454AC9D18}.AppStore|iPhoneSimulator.Deploy.0 = Debug|Any CPU
		{3F2A59D3-C754-4A07-A48F-462454AC9D18}.Debug|Any CPU.ActiveCfg = Debug|Any CPU
		{3F2A59D3-C754-4A07-A48F-462454AC9D18}.Debug|Any CPU.Build.0 = Debug|Any CPU
		{3F2A59D3-C754-4A07-A48F-462454AC9D18}.Debug|Any CPU.Deploy.0 = Debug|Any CPU
		{3F2A59D3-C754-4A07-A48F-462454AC9D18}.Debug|iPhone.ActiveCfg = Debug|Any CPU
		{3F2A59D3-C754-4A07-A48F-462454AC9D18}.Debug|iPhone.Build.0 = Debug|Any CPU
		{3F2A59D3-C754-4A07-A48F-462454AC9D18}.Debug|iPhone.Deploy.0 = Debug|Any CPU
		{3F2A59D3-C754-4A07-A48F-462454AC9D18}.Debug|iPhoneSimulator.ActiveCfg = Debug|Any CPU
		{3F2A59D3-C754-4A07-A48F-462454AC9D18}.Debug|iPhoneSimulator.Build.0 = Debug|Any CPU
		{3F2A59D3-C754-4A07-A48F-462454AC9D18}.Debug|iPhoneSimulator.Deploy.0 = Debug|Any CPU
		{3F2A59D3-C754-4A07-A48F-462454AC9D18}.Release|Any CPU.ActiveCfg = Release|Any CPU
		{3F2A59D3-C754-4A07-A48F-462454AC9D18}.Release|Any CPU.Build.0 = Release|Any CPU
		{3F2A59D3-C754-4A07-A48F-462454AC9D18}.Release|Any CPU.Deploy.0 = Release|Any CPU
		{3F2A59D3-C754-4A07-A48F-462454AC9D18}.Release|iPhone.ActiveCfg = Release|Any CPU
		{3F2A59D3-C754-4A07-A48F-462454AC9D18}.Release|iPhone.Build.0 = Release|Any CPU
		{3F2A59D3-C754-4A07-A48F-462454AC9D18}.Release|iPhone.Deploy.0 = Release|Any CPU
		{3F2A59D3-C754-4A07-A48F-462454AC9D18}.Release|iPhoneSimulator.ActiveCfg = Release|Any CPU
		{3F2A59D3-C754-4A07-A48F-462454AC9D18}.Release|iPhoneSimulator.Build.0 = Release|Any CPU
		{3F2A59D3-C754-4A07-A48F-462454AC9D18}.Release|iPhoneSimulator.Deploy.0 = Release|Any CPU
	EndGlobalSection
	GlobalSection(SolutionProperties) = preSolution
		HideSolutionNode = FALSE
	EndGlobalSection
	GlobalSection(ExtensibilityGlobals) = postSolution
		SolutionGuid = {47EC4DE8-2FB7-4A31-BF1F-E7B4C8F31FD9}
	EndGlobalSection
EndGlobal
