
Microsoft Visual Studio Solution File, Format Version 12.00
# Visual Studio 15
VisualStudioVersion = 15.0.28010.2050
MinimumVisualStudioVersion = 10.0.40219.1
Project("{FAE04EC0-301F-11D3-BF4B-00C04F79EFBC}") = "ListView.Android", "ListView\ListView.Android\ListView.Android.csproj", "{230A5683-F39D-4D6D-8CAD-9848C57BC0C7}"
EndProject
Project("{FAE04EC0-301F-11D3-BF4B-00C04F79EFBC}") = "ListView.iOS", "ListView\ListView.iOS\ListView.iOS.csproj", "{4AD9F2B2-5C8C-4577-A3AC-03EB14A4FA39}"
EndProject
Project("{FAE04EC0-301F-11D3-BF4B-00C04F79EFBC}") = "ListView", "ListView\ListView\ListView.csproj", "{73219901-38AF-499D-AA48-30B5041C0441}"
EndProject
Global
	GlobalSection(SolutionConfigurationPlatforms) = preSolution
		Ad-Hoc|Any CPU = Ad-Hoc|Any CPU
		Ad-Hoc|iPhone = Ad-Hoc|iPhone
		Ad-Hoc|iPhoneSimulator = Ad-Hoc|iPhoneSimulator
		AppStore|Any CPU = AppStore|Any CPU
		AppStore|iPhone = AppStore|iPhone
		AppStore|iPhoneSimulator = AppStore|iPhoneSimulator
		Debug|Any CPU = Debug|Any CPU
		Debug|iPhone = Debug|iPhone
		Debug|iPhoneSimulator = Debug|iPhoneSimulator
		Release|Any CPU = Release|Any CPU
		Release|iPhone = Release|iPhone
		Release|iPhoneSimulator = Release|iPhoneSimulator
	EndGlobalSection
	GlobalSection(ProjectConfigurationPlatforms) = postSolution
		{230A5683-F39D-4D6D-8CAD-9848C57BC0C7}.Ad-Hoc|Any CPU.ActiveCfg = Release|Any CPU
		{230A5683-F39D-4D6D-8CAD-9848C57BC0C7}.Ad-Hoc|Any CPU.Build.0 = Release|Any CPU
		{230A5683-F39D-4D6D-8CAD-9848C57BC0C7}.Ad-Hoc|Any CPU.Deploy.0 = Release|Any CPU
		{230A5683-F39D-4D6D-8CAD-9848C57BC0C7}.Ad-Hoc|iPhone.ActiveCfg = Release|Any CPU
		{230A5683-F39D-4D6D-8CAD-9848C57BC0C7}.Ad-Hoc|iPhone.Build.0 = Release|Any CPU
		{230A5683-F39D-4D6D-8CAD-9848C57BC0C7}.Ad-Hoc|iPhone.Deploy.0 = Release|Any CPU
		{230A5683-F39D-4D6D-8CAD-9848C57BC0C7}.Ad-Hoc|iPhoneSimulator.ActiveCfg = Release|Any CPU
		{230A5683-F39D-4D6D-8CAD-9848C57BC0C7}.Ad-Hoc|iPhoneSimulator.Build.0 = Release|Any CPU
		{230A5683-F39D-4D6D-8CAD-9848C57BC0C7}.Ad-Hoc|iPhoneSimulator.Deploy.0 = Release|Any CPU
		{230A5683-F39D-4D6D-8CAD-9848C57BC0C7}.AppStore|Any CPU.ActiveCfg = Release|Any CPU
		{230A5683-F39D-4D6D-8CAD-9848C57BC0C7}.AppStore|Any CPU.Build.0 = Release|Any CPU
		{230A5683-F39D-4D6D-8CAD-9848C57BC0C7}.AppStore|Any CPU.Deploy.0 = Release|Any CPU
		{230A5683-F39D-4D6D-8CAD-9848C57BC0C7}.AppStore|iPhone.ActiveCfg = Release|Any CPU
		{230A5683-F39D-4D6D-8CAD-9848C57BC0C7}.AppStore|iPhone.Build.0 = Release|Any CPU
		{230A5683-F39D-4D6D-8CAD-9848C57BC0C7}.AppStore|iPhone.Deploy.0 = Release|Any CPU
		{230A5683-F39D-4D6D-8CAD-9848C57BC0C7}.AppStore|iPhoneSimulator.ActiveCfg = Release|Any CPU
		{230A5683-F39D-4D6D-8CAD-9848C57BC0C7}.AppStore|iPhoneSimulator.Build.0 = Release|Any CPU
		{230A5683-F39D-4D6D-8CAD-9848C57BC0C7}.AppStore|iPhoneSimulator.Deploy.0 = Release|Any CPU
		{230A5683-F39D-4D6D-8CAD-9848C57BC0C7}.Debug|Any CPU.ActiveCfg = Debug|Any CPU
		{230A5683-F39D-4D6D-8CAD-9848C57BC0C7}.Debug|Any CPU.Build.0 = Debug|Any CPU
		{230A5683-F39D-4D6D-8CAD-9848C57BC0C7}.Debug|Any CPU.Deploy.0 = Debug|Any CPU
		{230A5683-F39D-4D6D-8CAD-9848C57BC0C7}.Debug|iPhone.ActiveCfg = Debug|Any CPU
		{230A5683-F39D-4D6D-8CAD-9848C57BC0C7}.Debug|iPhone.Build.0 = Debug|Any CPU
		{230A5683-F39D-4D6D-8CAD-9848C57BC0C7}.Debug|iPhone.Deploy.0 = Debug|Any CPU
		{230A5683-F39D-4D6D-8CAD-9848C57BC0C7}.Debug|iPhoneSimulator.ActiveCfg = Debug|Any CPU
		{230A5683-F39D-4D6D-8CAD-9848C57BC0C7}.Debug|iPhoneSimulator.Build.0 = Debug|Any CPU
		{230A5683-F39D-4D6D-8CAD-9848C57BC0C7}.Debug|iPhoneSimulator.Deploy.0 = Debug|Any CPU
		{230A5683-F39D-4D6D-8CAD-9848C57BC0C7}.Release|Any CPU.ActiveCfg = Release|Any CPU
		{230A5683-F39D-4D6D-8CAD-9848C57BC0C7}.Release|Any CPU.Build.0 = Release|Any CPU
		{230A5683-F39D-4D6D-8CAD-9848C57BC0C7}.Release|Any CPU.Deploy.0 = Release|Any CPU
		{230A5683-F39D-4D6D-8CAD-9848C57BC0C7}.Release|iPhone.ActiveCfg = Release|Any CPU
		{230A5683-F39D-4D6D-8CAD-9848C57BC0C7}.Release|iPhone.Build.0 = Release|Any CPU
		{230A5683-F39D-4D6D-8CAD-9848C57BC0C7}.Release|iPhone.Deploy.0 = Release|Any CPU
		{230A5683-F39D-4D6D-8CAD-9848C57BC0C7}.Release|iPhoneSimulator.ActiveCfg = Release|Any CPU
		{230A5683-F39D-4D6D-8CAD-9848C57BC0C7}.Release|iPhoneSimulator.Build.0 = Release|Any CPU
		{230A5683-F39D-4D6D-8CAD-9848C57BC0C7}.Release|iPhoneSimulator.Deploy.0 = Release|Any CPU
		{4AD9F2B2-5C8C-4577-A3AC-03EB14A4FA39}.Ad-Hoc|Any CPU.ActiveCfg = Ad-Hoc|iPhone
		{4AD9F2B2-5C8C-4577-A3AC-03EB14A4FA39}.Ad-Hoc|Any CPU.Build.0 = Ad-Hoc|iPhone
		{4AD9F2B2-5C8C-4577-A3AC-03EB14A4FA39}.Ad-Hoc|Any CPU.Deploy.0 = Ad-Hoc|iPhone
		{4AD9F2B2-5C8C-4577-A3AC-03EB14A4FA39}.Ad-Hoc|iPhone.ActiveCfg = Ad-Hoc|iPhone
		{4AD9F2B2-5C8C-4577-A3AC-03EB14A4FA39}.Ad-Hoc|iPhone.Build.0 = Ad-Hoc|iPhone
		{4AD9F2B2-5C8C-4577-A3AC-03EB14A4FA39}.Ad-Hoc|iPhone.Deploy.0 = Ad-Hoc|iPhone
		{4AD9F2B2-5C8C-4577-A3AC-03EB14A4FA39}.Ad-Hoc|iPhoneSimulator.ActiveCfg = Ad-Hoc|iPhoneSimulator
		{4AD9F2B2-5C8C-4577-A3AC-03EB14A4FA39}.Ad-Hoc|iPhoneSimulator.Build.0 = Ad-Hoc|iPhoneSimulator
		{4AD9F2B2-5C8C-4577-A3AC-03EB14A4FA39}.Ad-Hoc|iPhoneSimulator.Deploy.0 = Ad-Hoc|iPhoneSimulator
		{4AD9F2B2-5C8C-4577-A3AC-03EB14A4FA39}.AppStore|Any CPU.ActiveCfg = AppStore|iPhone
		{4AD9F2B2-5C8C-4577-A3AC-03EB14A4FA39}.AppStore|Any CPU.Build.0 = AppStore|iPhone
		{4AD9F2B2-5C8C-4577-A3AC-03EB14A4FA39}.AppStore|Any CPU.Deploy.0 = AppStore|iPhone
		{4AD9F2B2-5C8C-4577-A3AC-03EB14A4FA39}.AppStore|iPhone.ActiveCfg = AppStore|iPhone
		{4AD9F2B2-5C8C-4577-A3AC-03EB14A4FA39}.AppStore|iPhone.Build.0 = AppStore|iPhone
		{4AD9F2B2-5C8C-4577-A3AC-03EB14A4FA39}.AppStore|iPhone.Deploy.0 = AppStore|iPhone
		{4AD9F2B2-5C8C-4577-A3AC-03EB14A4FA39}.AppStore|iPhoneSimulator.ActiveCfg = AppStore|iPhoneSimulator
		{4AD9F2B2-5C8C-4577-A3AC-03EB14A4FA39}.AppStore|iPhoneSimulator.Build.0 = AppStore|iPhoneSimulator
		{4AD9F2B2-5C8C-4577-A3AC-03EB14A4FA39}.AppStore|iPhoneSimulator.Deploy.0 = AppStore|iPhoneSimulator
		{4AD9F2B2-5C8C-4577-A3AC-03EB14A4FA39}.Debug|Any CPU.ActiveCfg = Debug|iPhoneSimulator
		{4AD9F2B2-5C8C-4577-A3AC-03EB14A4FA39}.Debug|Any CPU.Build.0 = Debug|iPhoneSimulator
		{4AD9F2B2-5C8C-4577-A3AC-03EB14A4FA39}.Debug|Any CPU.Deploy.0 = Debug|iPhoneSimulator
		{4AD9F2B2-5C8C-4577-A3AC-03EB14A4FA39}.Debug|iPhone.ActiveCfg = Debug|iPhone
		{4AD9F2B2-5C8C-4577-A3AC-03EB14A4FA39}.Debug|iPhone.Build.0 = Debug|iPhone
		{4AD9F2B2-5C8C-4577-A3AC-03EB14A4FA39}.Debug|iPhone.Deploy.0 = Debug|iPhone
		{4AD9F2B2-5C8C-4577-A3AC-03EB14A4FA39}.Debug|iPhoneSimulator.ActiveCfg = Debug|iPhoneSimulator
		{4AD9F2B2-5C8C-4577-A3AC-03EB14A4FA39}.Debug|iPhoneSimulator.Build.0 = Debug|iPhoneSimulator
		{4AD9F2B2-5C8C-4577-A3AC-03EB14A4FA39}.Debug|iPhoneSimulator.Deploy.0 = Debug|iPhoneSimulator
		{4AD9F2B2-5C8C-4577-A3AC-03EB14A4FA39}.Release|Any CPU.ActiveCfg = Release|iPhone
		{4AD9F2B2-5C8C-4577-A3AC-03EB14A4FA39}.Release|Any CPU.Build.0 = Release|iPhone
		{4AD9F2B2-5C8C-4577-A3AC-03EB14A4FA39}.Release|Any CPU.Deploy.0 = Release|iPhone
		{4AD9F2B2-5C8C-4577-A3AC-03EB14A4FA39}.Release|iPhone.ActiveCfg = Release|iPhone
		{4AD9F2B2-5C8C-4577-A3AC-03EB14A4FA39}.Release|iPhone.Build.0 = Release|iPhone
		{4AD9F2B2-5C8C-4577-A3AC-03EB14A4FA39}.Release|iPhone.Deploy.0 = Release|iPhone
		{4AD9F2B2-5C8C-4577-A3AC-03EB14A4FA39}.Release|iPhoneSimulator.ActiveCfg = Release|iPhoneSimulator
		{4AD9F2B2-5C8C-4577-A3AC-03EB14A4FA39}.Release|iPhoneSimulator.Build.0 = Release|iPhoneSimulator
		{4AD9F2B2-5C8C-4577-A3AC-03EB14A4FA39}.Release|iPhoneSimulator.Deploy.0 = Release|iPhoneSimulator
		{73219901-38AF-499D-AA48-30B5041C0441}.Ad-Hoc|Any CPU.ActiveCfg = Debug|Any CPU
		{73219901-38AF-499D-AA48-30B5041C0441}.Ad-Hoc|Any CPU.Build.0 = Debug|Any CPU
		{73219901-38AF-499D-AA48-30B5041C0441}.Ad-Hoc|Any CPU.Deploy.0 = Debug|Any CPU
		{73219901-38AF-499D-AA48-30B5041C0441}.Ad-Hoc|iPhone.ActiveCfg = Debug|Any CPU
		{73219901-38AF-499D-AA48-30B5041C0441}.Ad-Hoc|iPhone.Build.0 = Debug|Any CPU
		{73219901-38AF-499D-AA48-30B5041C0441}.Ad-Hoc|iPhone.Deploy.0 = Debug|Any CPU
		{73219901-38AF-499D-AA48-30B5041C0441}.Ad-Hoc|iPhoneSimulator.ActiveCfg = Debug|Any CPU
		{73219901-38AF-499D-AA48-30B5041C0441}.Ad-Hoc|iPhoneSimulator.Build.0 = Debug|Any CPU
		{73219901-38AF-499D-AA48-30B5041C0441}.Ad-Hoc|iPhoneSimulator.Deploy.0 = Debug|Any CPU
		{73219901-38AF-499D-AA48-30B5041C0441}.AppStore|Any CPU.ActiveCfg = Debug|Any CPU
		{73219901-38AF-499D-AA48-30B5041C0441}.AppStore|Any CPU.Build.0 = Debug|Any CPU
		{73219901-38AF-499D-AA48-30B5041C0441}.AppStore|Any CPU.Deploy.0 = Debug|Any CPU
		{73219901-38AF-499D-AA48-30B5041C0441}.AppStore|iPhone.ActiveCfg = Debug|Any CPU
		{73219901-38AF-499D-AA48-30B5041C0441}.AppStore|iPhone.Build.0 = Debug|Any CPU
		{73219901-38AF-499D-AA48-30B5041C0441}.AppStore|iPhone.Deploy.0 = Debug|Any CPU
		{73219901-38AF-499D-AA48-30B5041C0441}.AppStore|iPhoneSimulator.ActiveCfg = Debug|Any CPU
		{73219901-38AF-499D-AA48-30B5041C0441}.AppStore|iPhoneSimulator.Build.0 = Debug|Any CPU
		{73219901-38AF-499D-AA48-30B5041C0441}.AppStore|iPhoneSimulator.Deploy.0 = Debug|Any CPU
		{73219901-38AF-499D-AA48-30B5041C0441}.Debug|Any CPU.ActiveCfg = Debug|Any CPU
		{73219901-38AF-499D-AA48-30B5041C0441}.Debug|Any CPU.Build.0 = Debug|Any CPU
		{73219901-38AF-499D-AA48-30B5041C0441}.Debug|Any CPU.Deploy.0 = Debug|Any CPU
		{73219901-38AF-499D-AA48-30B5041C0441}.Debug|iPhone.ActiveCfg = Debug|Any CPU
		{73219901-38AF-499D-AA48-30B5041C0441}.Debug|iPhone.Build.0 = Debug|Any CPU
		{73219901-38AF-499D-AA48-30B5041C0441}.Debug|iPhone.Deploy.0 = Debug|Any CPU
		{73219901-38AF-499D-AA48-30B5041C0441}.Debug|iPhoneSimulator.ActiveCfg = Debug|Any CPU
		{73219901-38AF-499D-AA48-30B5041C0441}.Debug|iPhoneSimulator.Build.0 = Debug|Any CPU
		{73219901-38AF-499D-AA48-30B5041C0441}.Debug|iPhoneSimulator.Deploy.0 = Debug|Any CPU
		{73219901-38AF-499D-AA48-30B5041C0441}.Release|Any CPU.ActiveCfg = Release|Any CPU
		{73219901-38AF-499D-AA48-30B5041C0441}.Release|Any CPU.Build.0 = Release|Any CPU
		{73219901-38AF-499D-AA48-30B5041C0441}.Release|Any CPU.Deploy.0 = Release|Any CPU
		{73219901-38AF-499D-AA48-30B5041C0441}.Release|iPhone.ActiveCfg = Release|Any CPU
		{73219901-38AF-499D-AA48-30B5041C0441}.Release|iPhone.Build.0 = Release|Any CPU
		{73219901-38AF-499D-AA48-30B5041C0441}.Release|iPhone.Deploy.0 = Release|Any CPU
		{73219901-38AF-499D-AA48-30B5041C0441}.Release|iPhoneSimulator.ActiveCfg = Release|Any CPU
		{73219901-38AF-499D-AA48-30B5041C0441}.Release|iPhoneSimulator.Build.0 = Release|Any CPU
		{73219901-38AF-499D-AA48-30B5041C0441}.Release|iPhoneSimulator.Deploy.0 = Release|Any CPU
	EndGlobalSection
	GlobalSection(SolutionProperties) = preSolution
		HideSolutionNode = FALSE
	EndGlobalSection
	GlobalSection(ExtensibilityGlobals) = postSolution
		SolutionGuid = {7B29C4E0-374D-4C2F-ABA0-EC2871596A1A}
	EndGlobalSection
EndGlobal
